
Microsoft Visual Studio Solution File, Format Version 12.00
# Visual Studio Version 16
VisualStudioVersion = 16.0.30503.244
MinimumVisualStudioVersion = 10.0.40219.1
Project("{FAE04EC0-301F-11D3-BF4B-00C04F79EFBC}") = "BingDesktop.Tizen.TV", "BingDesktop.Tizen.TV\BingDesktop.Tizen.TV.csproj", "{EE4E6177-B339-4FCA-A753-839A6132E8F4}"
EndProject
Project("{FAE04EC0-301F-11D3-BF4B-00C04F79EFBC}") = "BingDesktop", "BingDesktop\BingDesktop.csproj", "{84D1358E-A11A-4FF1-91C4-AD351158785C}"
EndProject
Global
	GlobalSection(SolutionConfigurationPlatforms) = preSolution
		Debug|Any CPU = Debug|Any CPU
		Release|Any CPU = Release|Any CPU
	EndGlobalSection
	GlobalSection(ProjectConfigurationPlatforms) = postSolution
		{EE4E6177-B339-4FCA-A753-839A6132E8F4}.Debug|Any CPU.ActiveCfg = Debug|Any CPU
		{EE4E6177-B339-4FCA-A753-839A6132E8F4}.Debug|Any CPU.Build.0 = Debug|Any CPU
		{EE4E6177-B339-4FCA-A753-839A6132E8F4}.Release|Any CPU.ActiveCfg = Release|Any CPU
		{EE4E6177-B339-4FCA-A753-839A6132E8F4}.Release|Any CPU.Build.0 = Release|Any CPU
		{84D1358E-A11A-4FF1-91C4-AD351158785C}.Debug|Any CPU.ActiveCfg = Debug|Any CPU
		{84D1358E-A11A-4FF1-91C4-AD351158785C}.Debug|Any CPU.Build.0 = Debug|Any CPU
		{84D1358E-A11A-4FF1-91C4-AD351158785C}.Release|Any CPU.ActiveCfg = Release|Any CPU
		{84D1358E-A11A-4FF1-91C4-AD351158785C}.Release|Any CPU.Build.0 = Release|Any CPU
	EndGlobalSection
	GlobalSection(SolutionProperties) = preSolution
		HideSolutionNode = FALSE
	EndGlobalSection
	GlobalSection(ExtensibilityGlobals) = postSolution
		SolutionGuid = {9BC22068-2509-4BBB-80FA-CB9FE38156AF}
	EndGlobalSection
EndGlobal
